
Microsoft Visual Studio Solution File, Format Version 12.00
# Visual Studio Version 17
VisualStudioVersion = 17.3.32922.545
MinimumVisualStudioVersion = 10.0.40219.1
Project("{888888A0-9F3D-457C-B088-3A5042F75D52}") = "Instagram case study", "Instagram case study\Instagram case study.pyproj", "{46058595-3194-47A1-8820-6298D7652DE9}"
EndProject
Global
	GlobalSection(SolutionConfigurationPlatforms) = preSolution
		Debug|Any CPU = Debug|Any CPU
		Release|Any CPU = Release|Any CPU
	EndGlobalSection
	GlobalSection(ProjectConfigurationPlatforms) = postSolution
		{46058595-3194-47A1-8820-6298D7652DE9}.Debug|Any CPU.ActiveCfg = Debug|Any CPU
		{46058595-3194-47A1-8820-6298D7652DE9}.Release|Any CPU.ActiveCfg = Release|Any CPU
	EndGlobalSection
	GlobalSection(SolutionProperties) = preSolution
		HideSolutionNode = FALSE
	EndGlobalSection
	GlobalSection(ExtensibilityGlobals) = postSolution
		SolutionGuid = {8619C571-C2E3-40AB-92E3-79FB7817AACC}
	EndGlobalSection
EndGlobal
